
Microsoft Visual Studio Solution File, Format Version 12.00
# Visual Studio Version 16
VisualStudioVersion = 16.0.31019.35
MinimumVisualStudioVersion = 10.0.40219.1
Project("{FAE04EC0-301F-11D3-BF4B-00C04F79EFBC}") = "uc_3 linecomparison", "uc_3 linecomparison\uc_3 linecomparison.csproj", "{645D03C0-90D5-40CD-B4F6-12EE3B13963C}"
EndProject
Global
	GlobalSection(SolutionConfigurationPlatforms) = preSolution
		Debug|Any CPU = Debug|Any CPU
		Release|Any CPU = Release|Any CPU
	EndGlobalSection
	GlobalSection(ProjectConfigurationPlatforms) = postSolution
		{645D03C0-90D5-40CD-B4F6-12EE3B13963C}.Debug|Any CPU.ActiveCfg = Debug|Any CPU
		{645D03C0-90D5-40CD-B4F6-12EE3B13963C}.Debug|Any CPU.Build.0 = Debug|Any CPU
		{645D03C0-90D5-40CD-B4F6-12EE3B13963C}.Release|Any CPU.ActiveCfg = Release|Any CPU
		{645D03C0-90D5-40CD-B4F6-12EE3B13963C}.Release|Any CPU.Build.0 = Release|Any CPU
	EndGlobalSection
	GlobalSection(SolutionProperties) = preSolution
		HideSolutionNode = FALSE
	EndGlobalSection
	GlobalSection(ExtensibilityGlobals) = postSolution
		SolutionGuid = {D54FF49F-41E8-475B-BEE7-0A591C636DE4}
	EndGlobalSection
EndGlobal
