
Microsoft Visual Studio Solution File, Format Version 12.00
# Visual Studio Version 16
VisualStudioVersion = 16.0.31019.35
MinimumVisualStudioVersion = 10.0.40219.1
Project("{FAE04EC0-301F-11D3-BF4B-00C04F79EFBC}") = "uc2_linecompresion", "uc2_linecompresion\uc2_linecompresion.csproj", "{60BECFB5-1916-4690-8497-2FAA6541A8FF}"
EndProject
Global
	GlobalSection(SolutionConfigurationPlatforms) = preSolution
		Debug|Any CPU = Debug|Any CPU
		Release|Any CPU = Release|Any CPU
	EndGlobalSection
	GlobalSection(ProjectConfigurationPlatforms) = postSolution
		{60BECFB5-1916-4690-8497-2FAA6541A8FF}.Debug|Any CPU.ActiveCfg = Debug|Any CPU
		{60BECFB5-1916-4690-8497-2FAA6541A8FF}.Debug|Any CPU.Build.0 = Debug|Any CPU
		{60BECFB5-1916-4690-8497-2FAA6541A8FF}.Release|Any CPU.ActiveCfg = Release|Any CPU
		{60BECFB5-1916-4690-8497-2FAA6541A8FF}.Release|Any CPU.Build.0 = Release|Any CPU
	EndGlobalSection
	GlobalSection(SolutionProperties) = preSolution
		HideSolutionNode = FALSE
	EndGlobalSection
	GlobalSection(ExtensibilityGlobals) = postSolution
		SolutionGuid = {AAE80340-B335-40BF-8330-37D47C65264C}
	EndGlobalSection
EndGlobal
